
Microsoft Visual Studio Solution File, Format Version 12.00
# Visual Studio 15
VisualStudioVersion = 15.0.26823.1
MinimumVisualStudioVersion = 10.0.40219.1
Project("{FAE04EC0-301F-11D3-BF4B-00C04F79EFBC}") = "Converters.Android", "Converters\Converters.Android\Converters.Android.csproj", "{232F26A3-F55B-456E-9130-22B4924CFE06}"
EndProject
Project("{FAE04EC0-301F-11D3-BF4B-00C04F79EFBC}") = "Converters", "Converters\Converters\Converters.csproj", "{4C44882D-1F5E-40D2-B319-D8D7577FFEBF}"
EndProject
Project("{FAE04EC0-301F-11D3-BF4B-00C04F79EFBC}") = "Converters.iOS", "Converters\Converters.iOS\Converters.iOS.csproj", "{FF53DE2F-08B9-4297-BA78-3FEA089F97A2}"
EndProject
Global
	GlobalSection(SolutionConfigurationPlatforms) = preSolution
		Ad-Hoc|Any CPU = Ad-Hoc|Any CPU
		Ad-Hoc|ARM = Ad-Hoc|ARM
		Ad-Hoc|iPhone = Ad-Hoc|iPhone
		Ad-Hoc|iPhoneSimulator = Ad-Hoc|iPhoneSimulator
		Ad-Hoc|x64 = Ad-Hoc|x64
		Ad-Hoc|x86 = Ad-Hoc|x86
		AppStore|Any CPU = AppStore|Any CPU
		AppStore|ARM = AppStore|ARM
		AppStore|iPhone = AppStore|iPhone
		AppStore|iPhoneSimulator = AppStore|iPhoneSimulator
		AppStore|x64 = AppStore|x64
		AppStore|x86 = AppStore|x86
		Debug|Any CPU = Debug|Any CPU
		Debug|ARM = Debug|ARM
		Debug|iPhone = Debug|iPhone
		Debug|iPhoneSimulator = Debug|iPhoneSimulator
		Debug|x64 = Debug|x64
		Debug|x86 = Debug|x86
		Release|Any CPU = Release|Any CPU
		Release|ARM = Release|ARM
		Release|iPhone = Release|iPhone
		Release|iPhoneSimulator = Release|iPhoneSimulator
		Release|x64 = Release|x64
		Release|x86 = Release|x86
	EndGlobalSection
	GlobalSection(ProjectConfigurationPlatforms) = postSolution
		{232F26A3-F55B-456E-9130-22B4924CFE06}.Ad-Hoc|Any CPU.ActiveCfg = Release|Any CPU
		{232F26A3-F55B-456E-9130-22B4924CFE06}.Ad-Hoc|Any CPU.Build.0 = Release|Any CPU
		{232F26A3-F55B-456E-9130-22B4924CFE06}.Ad-Hoc|Any CPU.Deploy.0 = Release|Any CPU
		{232F26A3-F55B-456E-9130-22B4924CFE06}.Ad-Hoc|ARM.ActiveCfg = Release|Any CPU
		{232F26A3-F55B-456E-9130-22B4924CFE06}.Ad-Hoc|ARM.Build.0 = Release|Any CPU
		{232F26A3-F55B-456E-9130-22B4924CFE06}.Ad-Hoc|ARM.Deploy.0 = Release|Any CPU
		{232F26A3-F55B-456E-9130-22B4924CFE06}.Ad-Hoc|iPhone.ActiveCfg = Release|Any CPU
		{232F26A3-F55B-456E-9130-22B4924CFE06}.Ad-Hoc|iPhone.Build.0 = Release|Any CPU
		{232F26A3-F55B-456E-9130-22B4924CFE06}.Ad-Hoc|iPhone.Deploy.0 = Release|Any CPU
		{232F26A3-F55B-456E-9130-22B4924CFE06}.Ad-Hoc|iPhoneSimulator.ActiveCfg = Release|Any CPU
		{232F26A3-F55B-456E-9130-22B4924CFE06}.Ad-Hoc|iPhoneSimulator.Build.0 = Release|Any CPU
		{232F26A3-F55B-456E-9130-22B4924CFE06}.Ad-Hoc|iPhoneSimulator.Deploy.0 = Release|Any CPU
		{232F26A3-F55B-456E-9130-22B4924CFE06}.Ad-Hoc|x64.ActiveCfg = Release|Any CPU
		{232F26A3-F55B-456E-9130-22B4924CFE06}.Ad-Hoc|x64.Build.0 = Release|Any CPU
		{232F26A3-F55B-456E-9130-22B4924CFE06}.Ad-Hoc|x64.Deploy.0 = Release|Any CPU
		{232F26A3-F55B-456E-9130-22B4924CFE06}.Ad-Hoc|x86.ActiveCfg = Release|Any CPU
		{232F26A3-F55B-456E-9130-22B4924CFE06}.Ad-Hoc|x86.Build.0 = Release|Any CPU
		{232F26A3-F55B-456E-9130-22B4924CFE06}.Ad-Hoc|x86.Deploy.0 = Release|Any CPU
		{232F26A3-F55B-456E-9130-22B4924CFE06}.AppStore|Any CPU.ActiveCfg = Release|Any CPU
		{232F26A3-F55B-456E-9130-22B4924CFE06}.AppStore|Any CPU.Build.0 = Release|Any CPU
		{232F26A3-F55B-456E-9130-22B4924CFE06}.AppStore|Any CPU.Deploy.0 = Release|Any CPU
		{232F26A3-F55B-456E-9130-22B4924CFE06}.AppStore|ARM.ActiveCfg = Release|Any CPU
		{232F26A3-F55B-456E-9130-22B4924CFE06}.AppStore|ARM.Build.0 = Release|Any CPU
		{232F26A3-F55B-456E-9130-22B4924CFE06}.AppStore|ARM.Deploy.0 = Release|Any CPU
		{232F26A3-F55B-456E-9130-22B4924CFE06}.AppStore|iPhone.ActiveCfg = Release|Any CPU
		{232F26A3-F55B-456E-9130-22B4924CFE06}.AppStore|iPhone.Build.0 = Release|Any CPU
		{232F26A3-F55B-456E-9130-22B4924CFE06}.AppStore|iPhone.Deploy.0 = Release|Any CPU
		{232F26A3-F55B-456E-9130-22B4924CFE06}.AppStore|iPhoneSimulator.ActiveCfg = Release|Any CPU
		{232F26A3-F55B-456E-9130-22B4924CFE06}.AppStore|iPhoneSimulator.Build.0 = Release|Any CPU
		{232F26A3-F55B-456E-9130-22B4924CFE06}.AppStore|iPhoneSimulator.Deploy.0 = Release|Any CPU
		{232F26A3-F55B-456E-9130-22B4924CFE06}.AppStore|x64.ActiveCfg = Release|Any CPU
		{232F26A3-F55B-456E-9130-22B4924CFE06}.AppStore|x64.Build.0 = Release|Any CPU
		{232F26A3-F55B-456E-9130-22B4924CFE06}.AppStore|x64.Deploy.0 = Release|Any CPU
		{232F26A3-F55B-456E-9130-22B4924CFE06}.AppStore|x86.ActiveCfg = Release|Any CPU
		{232F26A3-F55B-456E-9130-22B4924CFE06}.AppStore|x86.Build.0 = Release|Any CPU
		{232F26A3-F55B-456E-9130-22B4924CFE06}.AppStore|x86.Deploy.0 = Release|Any CPU
		{232F26A3-F55B-456E-9130-22B4924CFE06}.Debug|Any CPU.ActiveCfg = Debug|Any CPU
		{232F26A3-F55B-456E-9130-22B4924CFE06}.Debug|Any CPU.Build.0 = Debug|Any CPU
		{232F26A3-F55B-456E-9130-22B4924CFE06}.Debug|Any CPU.Deploy.0 = Debug|Any CPU
		{232F26A3-F55B-456E-9130-22B4924CFE06}.Debug|ARM.ActiveCfg = Debug|Any CPU
		{232F26A3-F55B-456E-9130-22B4924CFE06}.Debug|ARM.Build.0 = Debug|Any CPU
		{232F26A3-F55B-456E-9130-22B4924CFE06}.Debug|ARM.Deploy.0 = Debug|Any CPU
		{232F26A3-F55B-456E-9130-22B4924CFE06}.Debug|iPhone.ActiveCfg = Debug|Any CPU
		{232F26A3-F55B-456E-9130-22B4924CFE06}.Debug|iPhone.Build.0 = Debug|Any CPU
		{232F26A3-F55B-456E-9130-22B4924CFE06}.Debug|iPhone.Deploy.0 = Debug|Any CPU
		{232F26A3-F55B-456E-9130-22B4924CFE06}.Debug|iPhoneSimulator.ActiveCfg = Debug|Any CPU
		{232F26A3-F55B-456E-9130-22B4924CFE06}.Debug|iPhoneSimulator.Build.0 = Debug|Any CPU
		{232F26A3-F55B-456E-9130-22B4924CFE06}.Debug|iPhoneSimulator.Deploy.0 = Debug|Any CPU
		{232F26A3-F55B-456E-9130-22B4924CFE06}.Debug|x64.ActiveCfg = Debug|Any CPU
		{232F26A3-F55B-456E-9130-22B4924CFE06}.Debug|x64.Build.0 = Debug|Any CPU
		{232F26A3-F55B-456E-9130-22B4924CFE06}.Debug|x64.Deploy.0 = Debug|Any CPU
		{232F26A3-F55B-456E-9130-22B4924CFE06}.Debug|x86.ActiveCfg = Debug|Any CPU
		{232F26A3-F55B-456E-9130-22B4924CFE06}.Debug|x86.Build.0 = Debug|Any CPU
		{232F26A3-F55B-456E-9130-22B4924CFE06}.Debug|x86.Deploy.0 = Debug|Any CPU
		{232F26A3-F55B-456E-9130-22B4924CFE06}.Release|Any CPU.ActiveCfg = Release|Any CPU
		{232F26A3-F55B-456E-9130-22B4924CFE06}.Release|Any CPU.Build.0 = Release|Any CPU
		{232F26A3-F55B-456E-9130-22B4924CFE06}.Release|Any CPU.Deploy.0 = Release|Any CPU
		{232F26A3-F55B-456E-9130-22B4924CFE06}.Release|ARM.ActiveCfg = Release|Any CPU
		{232F26A3-F55B-456E-9130-22B4924CFE06}.Release|ARM.Build.0 = Release|Any CPU
		{232F26A3-F55B-456E-9130-22B4924CFE06}.Release|ARM.Deploy.0 = Release|Any CPU
		{232F26A3-F55B-456E-9130-22B4924CFE06}.Release|iPhone.ActiveCfg = Release|Any CPU
		{232F26A3-F55B-456E-9130-22B4924CFE06}.Release|iPhone.Build.0 = Release|Any CPU
		{232F26A3-F55B-456E-9130-22B4924CFE06}.Release|iPhone.Deploy.0 = Release|Any CPU
		{232F26A3-F55B-456E-9130-22B4924CFE06}.Release|iPhoneSimulator.ActiveCfg = Release|Any CPU
		{232F26A3-F55B-456E-9130-22B4924CFE06}.Release|iPhoneSimulator.Build.0 = Release|Any CPU
		{232F26A3-F55B-456E-9130-22B4924CFE06}.Release|iPhoneSimulator.Deploy.0 = Release|Any CPU
		{232F26A3-F55B-456E-9130-22B4924CFE06}.Release|x64.ActiveCfg = Release|Any CPU
		{232F26A3-F55B-456E-9130-22B4924CFE06}.Release|x64.Build.0 = Release|Any CPU
		{232F26A3-F55B-456E-9130-22B4924CFE06}.Release|x64.Deploy.0 = Release|Any CPU
		{232F26A3-F55B-456E-9130-22B4924CFE06}.Release|x86.ActiveCfg = Release|Any CPU
		{232F26A3-F55B-456E-9130-22B4924CFE06}.Release|x86.Build.0 = Release|Any CPU
		{232F26A3-F55B-456E-9130-22B4924CFE06}.Release|x86.Deploy.0 = Release|Any CPU
		{4C44882D-1F5E-40D2-B319-D8D7577FFEBF}.Ad-Hoc|Any CPU.ActiveCfg = Release|Any CPU
		{4C44882D-1F5E-40D2-B319-D8D7577FFEBF}.Ad-Hoc|Any CPU.Build.0 = Release|Any CPU
		{4C44882D-1F5E-40D2-B319-D8D7577FFEBF}.Ad-Hoc|ARM.ActiveCfg = Release|Any CPU
		{4C44882D-1F5E-40D2-B319-D8D7577FFEBF}.Ad-Hoc|ARM.Build.0 = Release|Any CPU
		{4C44882D-1F5E-40D2-B319-D8D7577FFEBF}.Ad-Hoc|iPhone.ActiveCfg = Release|Any CPU
		{4C44882D-1F5E-40D2-B319-D8D7577FFEBF}.Ad-Hoc|iPhone.Build.0 = Release|Any CPU
		{4C44882D-1F5E-40D2-B319-D8D7577FFEBF}.Ad-Hoc|iPhoneSimulator.ActiveCfg = Release|Any CPU
		{4C44882D-1F5E-40D2-B319-D8D7577FFEBF}.Ad-Hoc|iPhoneSimulator.Build.0 = Release|Any CPU
		{4C44882D-1F5E-40D2-B319-D8D7577FFEBF}.Ad-Hoc|x64.ActiveCfg = Release|Any CPU
		{4C44882D-1F5E-40D2-B319-D8D7577FFEBF}.Ad-Hoc|x64.Build.0 = Release|Any CPU
		{4C44882D-1F5E-40D2-B319-D8D7577FFEBF}.Ad-Hoc|x86.ActiveCfg = Release|Any CPU
		{4C44882D-1F5E-40D2-B319-D8D7577FFEBF}.Ad-Hoc|x86.Build.0 = Release|Any CPU
		{4C44882D-1F5E-40D2-B319-D8D7577FFEBF}.AppStore|Any CPU.ActiveCfg = Release|Any CPU
		{4C44882D-1F5E-40D2-B319-D8D7577FFEBF}.AppStore|Any CPU.Build.0 = Release|Any CPU
		{4C44882D-1F5E-40D2-B319-D8D7577FFEBF}.AppStore|ARM.ActiveCfg = Release|Any CPU
		{4C44882D-1F5E-40D2-B319-D8D7577FFEBF}.AppStore|ARM.Build.0 = Release|Any CPU
		{4C44882D-1F5E-40D2-B319-D8D7577FFEBF}.AppStore|iPhone.ActiveCfg = Release|Any CPU
		{4C44882D-1F5E-40D2-B319-D8D7577FFEBF}.AppStore|iPhone.Build.0 = Release|Any CPU
		{4C44882D-1F5E-40D2-B319-D8D7577FFEBF}.AppStore|iPhoneSimulator.ActiveCfg = Release|Any CPU
		{4C44882D-1F5E-40D2-B319-D8D7577FFEBF}.AppStore|iPhoneSimulator.Build.0 = Release|Any CPU
		{4C44882D-1F5E-40D2-B319-D8D7577FFEBF}.AppStore|x64.ActiveCfg = Release|Any CPU
		{4C44882D-1F5E-40D2-B319-D8D7577FFEBF}.AppStore|x64.Build.0 = Release|Any CPU
		{4C44882D-1F5E-40D2-B319-D8D7577FFEBF}.AppStore|x86.ActiveCfg = Release|Any CPU
		{4C44882D-1F5E-40D2-B319-D8D7577FFEBF}.AppStore|x86.Build.0 = Release|Any CPU
		{4C44882D-1F5E-40D2-B319-D8D7577FFEBF}.Debug|Any CPU.ActiveCfg = Debug|Any CPU
		{4C44882D-1F5E-40D2-B319-D8D7577FFEBF}.Debug|Any CPU.Build.0 = Debug|Any CPU
		{4C44882D-1F5E-40D2-B319-D8D7577FFEBF}.Debug|ARM.ActiveCfg = Debug|Any CPU
		{4C44882D-1F5E-40D2-B319-D8D7577FFEBF}.Debug|ARM.Build.0 = Debug|Any CPU
		{4C44882D-1F5E-40D2-B319-D8D7577FFEBF}.Debug|iPhone.ActiveCfg = Debug|Any CPU
		{4C44882D-1F5E-40D2-B319-D8D7577FFEBF}.Debug|iPhone.Build.0 = Debug|Any CPU
		{4C44882D-1F5E-40D2-B319-D8D7577FFEBF}.Debug|iPhoneSimulator.ActiveCfg = Debug|Any CPU
		{4C44882D-1F5E-40D2-B319-D8D7577FFEBF}.Debug|iPhoneSimulator.Build.0 = Debug|Any CPU
		{4C44882D-1F5E-40D2-B319-D8D7577FFEBF}.Debug|x64.ActiveCfg = Debug|Any CPU
		{4C44882D-1F5E-40D2-B319-D8D7577FFEBF}.Debug|x64.Build.0 = Debug|Any CPU
		{4C44882D-1F5E-40D2-B319-D8D7577FFEBF}.Debug|x86.ActiveCfg = Debug|Any CPU
		{4C44882D-1F5E-40D2-B319-D8D7577FFEBF}.Debug|x86.Build.0 = Debug|Any CPU
		{4C44882D-1F5E-40D2-B319-D8D7577FFEBF}.Release|Any CPU.ActiveCfg = Release|Any CPU
		{4C44882D-1F5E-40D2-B319-D8D7577FFEBF}.Release|Any CPU.Build.0 = Release|Any CPU
		{4C44882D-1F5E-40D2-B319-D8D7577FFEBF}.Release|ARM.ActiveCfg = Release|Any CPU
		{4C44882D-1F5E-40D2-B319-D8D7577FFEBF}.Release|ARM.Build.0 = Release|Any CPU
		{4C44882D-1F5E-40D2-B319-D8D7577FFEBF}.Release|iPhone.ActiveCfg = Release|Any CPU
		{4C44882D-1F5E-40D2-B319-D8D7577FFEBF}.Release|iPhone.Build.0 = Release|Any CPU
		{4C44882D-1F5E-40D2-B319-D8D7577FFEBF}.Release|iPhoneSimulator.ActiveCfg = Release|Any CPU
		{4C44882D-1F5E-40D2-B319-D8D7577FFEBF}.Release|iPhoneSimulator.Build.0 = Release|Any CPU
		{4C44882D-1F5E-40D2-B319-D8D7577FFEBF}.Release|x64.ActiveCfg = Release|Any CPU
		{4C44882D-1F5E-40D2-B319-D8D7577FFEBF}.Release|x64.Build.0 = Release|Any CPU
		{4C44882D-1F5E-40D2-B319-D8D7577FFEBF}.Release|x86.ActiveCfg = Release|Any CPU
		{4C44882D-1F5E-40D2-B319-D8D7577FFEBF}.Release|x86.Build.0 = Release|Any CPU
		{FF53DE2F-08B9-4297-BA78-3FEA089F97A2}.Ad-Hoc|Any CPU.ActiveCfg = Ad-Hoc|iPhoneSimulator
		{FF53DE2F-08B9-4297-BA78-3FEA089F97A2}.Ad-Hoc|ARM.ActiveCfg = Ad-Hoc|iPhoneSimulator
		{FF53DE2F-08B9-4297-BA78-3FEA089F97A2}.Ad-Hoc|iPhone.ActiveCfg = Ad-Hoc|iPhoneSimulator
		{FF53DE2F-08B9-4297-BA78-3FEA089F97A2}.Ad-Hoc|iPhone.Build.0 = Ad-Hoc|iPhoneSimulator
		{FF53DE2F-08B9-4297-BA78-3FEA089F97A2}.Ad-Hoc|iPhoneSimulator.ActiveCfg = Ad-Hoc|iPhoneSimulator
		{FF53DE2F-08B9-4297-BA78-3FEA089F97A2}.Ad-Hoc|iPhoneSimulator.Build.0 = Ad-Hoc|iPhoneSimulator
		{FF53DE2F-08B9-4297-BA78-3FEA089F97A2}.Ad-Hoc|x64.ActiveCfg = Ad-Hoc|iPhoneSimulator
		{FF53DE2F-08B9-4297-BA78-3FEA089F97A2}.Ad-Hoc|x86.ActiveCfg = Ad-Hoc|iPhoneSimulator
		{FF53DE2F-08B9-4297-BA78-3FEA089F97A2}.AppStore|Any CPU.ActiveCfg = AppStore|iPhoneSimulator
		{FF53DE2F-08B9-4297-BA78-3FEA089F97A2}.AppStore|ARM.ActiveCfg = AppStore|iPhoneSimulator
		{FF53DE2F-08B9-4297-BA78-3FEA089F97A2}.AppStore|iPhone.ActiveCfg = AppStore|iPhoneSimulator
		{FF53DE2F-08B9-4297-BA78-3FEA089F97A2}.AppStore|iPhone.Build.0 = AppStore|iPhoneSimulator
		{FF53DE2F-08B9-4297-BA78-3FEA089F97A2}.AppStore|iPhoneSimulator.ActiveCfg = AppStore|iPhoneSimulator
		{FF53DE2F-08B9-4297-BA78-3FEA089F97A2}.AppStore|iPhoneSimulator.Build.0 = AppStore|iPhoneSimulator
		{FF53DE2F-08B9-4297-BA78-3FEA089F97A2}.AppStore|x64.ActiveCfg = AppStore|iPhoneSimulator
		{FF53DE2F-08B9-4297-BA78-3FEA089F97A2}.AppStore|x86.ActiveCfg = AppStore|iPhoneSimulator
		{FF53DE2F-08B9-4297-BA78-3FEA089F97A2}.Debug|Any CPU.ActiveCfg = Debug|iPhoneSimulator
		{FF53DE2F-08B9-4297-BA78-3FEA089F97A2}.Debug|ARM.ActiveCfg = Debug|iPhoneSimulator
		{FF53DE2F-08B9-4297-BA78-3FEA089F97A2}.Debug|iPhone.ActiveCfg = Debug|iPhoneSimulator
		{FF53DE2F-08B9-4297-BA78-3FEA089F97A2}.Debug|iPhone.Build.0 = Debug|iPhoneSimulator
		{FF53DE2F-08B9-4297-BA78-3FEA089F97A2}.Debug|iPhoneSimulator.ActiveCfg = Debug|iPhoneSimulator
		{FF53DE2F-08B9-4297-BA78-3FEA089F97A2}.Debug|iPhoneSimulator.Build.0 = Debug|iPhoneSimulator
		{FF53DE2F-08B9-4297-BA78-3FEA089F97A2}.Debug|x64.ActiveCfg = Debug|iPhoneSimulator
		{FF53DE2F-08B9-4297-BA78-3FEA089F97A2}.Debug|x86.ActiveCfg = Debug|iPhoneSimulator
		{FF53DE2F-08B9-4297-BA78-3FEA089F97A2}.Release|Any CPU.ActiveCfg = Release|iPhoneSimulator
		{FF53DE2F-08B9-4297-BA78-3FEA089F97A2}.Release|ARM.ActiveCfg = Release|iPhoneSimulator
		{FF53DE2F-08B9-4297-BA78-3FEA089F97A2}.Release|iPhone.ActiveCfg = Release|iPhoneSimulator
		{FF53DE2F-08B9-4297-BA78-3FEA089F97A2}.Release|iPhone.Build.0 = Release|iPhoneSimulator
		{FF53DE2F-08B9-4297-BA78-3FEA089F97A2}.Release|iPhoneSimulator.ActiveCfg = Release|iPhoneSimulator
		{FF53DE2F-08B9-4297-BA78-3FEA089F97A2}.Release|iPhoneSimulator.Build.0 = Release|iPhoneSimulator
		{FF53DE2F-08B9-4297-BA78-3FEA089F97A2}.Release|x64.ActiveCfg = Release|iPhoneSimulator
		{FF53DE2F-08B9-4297-BA78-3FEA089F97A2}.Release|x86.ActiveCfg = Release|iPhoneSimulator
	EndGlobalSection
	GlobalSection(SolutionProperties) = preSolution
		HideSolutionNode = FALSE
	EndGlobalSection
	GlobalSection(ExtensibilityGlobals) = postSolution
		SolutionGuid = {716B8F85-BA0E-4698-9A3E-4923AA0122B1}
	EndGlobalSection
EndGlobal
